
Microsoft Visual Studio Solution File, Format Version 12.00
# Visual Studio Version 17
VisualStudioVersion = 17.11.35312.102
MinimumVisualStudioVersion = 10.0.40219.1
Project("{9A19103F-16F7-4668-BE54-9A1E7A4F7556}") = "AndroidPPTX", "AndroidPPTX\AndroidPPTX.csproj", "{D7F36269-7BBA-4533-940B-EBD5AF28666A}"
EndProject
Global
	GlobalSection(SolutionConfigurationPlatforms) = preSolution
		Debug|Any CPU = Debug|Any CPU
		Release|Any CPU = Release|Any CPU
	EndGlobalSection
	GlobalSection(ProjectConfigurationPlatforms) = postSolution
		{D7F36269-7BBA-4533-940B-EBD5AF28666A}.Debug|Any CPU.ActiveCfg = Debug|Any CPU
		{D7F36269-7BBA-4533-940B-EBD5AF28666A}.Debug|Any CPU.Build.0 = Debug|Any CPU
		{D7F36269-7BBA-4533-940B-EBD5AF28666A}.Debug|Any CPU.Deploy.0 = Debug|Any CPU
		{D7F36269-7BBA-4533-940B-EBD5AF28666A}.Release|Any CPU.ActiveCfg = Release|Any CPU
		{D7F36269-7BBA-4533-940B-EBD5AF28666A}.Release|Any CPU.Build.0 = Release|Any CPU
		{D7F36269-7BBA-4533-940B-EBD5AF28666A}.Release|Any CPU.Deploy.0 = Release|Any CPU
	EndGlobalSection
	GlobalSection(SolutionProperties) = preSolution
		HideSolutionNode = FALSE
	EndGlobalSection
	GlobalSection(ExtensibilityGlobals) = postSolution
		SolutionGuid = {E289F397-DE91-46A0-9B53-8D8E679968FC}
	EndGlobalSection
EndGlobal
